
Microsoft Visual Studio Solution File, Format Version 12.00
# Visual Studio 14
VisualStudioVersion = 14.0.25420.1
MinimumVisualStudioVersion = 10.0.40219.1
Project("{FAE04EC0-301F-11D3-BF4B-00C04F79EFBC}") = "Patterns", "Patterns\Patterns.csproj", "{0CCD3FA2-EAFF-425B-B596-FF01DEFAD445}"
EndProject
Project("{FAE04EC0-301F-11D3-BF4B-00C04F79EFBC}") = "SampleXamlApp", "SampleXamlApp\SampleXamlApp\SampleXamlApp.csproj", "{394079B0-C85C-4ED4-B4D7-6310D1D6B059}"
EndProject
Project("{FAE04EC0-301F-11D3-BF4B-00C04F79EFBC}") = "SampleXamlApp.Droid", "SampleXamlApp\SampleXamlApp.Droid\SampleXamlApp.Droid.csproj", "{069A437D-75EA-43CE-A0D2-E5FC73760FAF}"
EndProject
Project("{FAE04EC0-301F-11D3-BF4B-00C04F79EFBC}") = "SampleXamlApp.iOS", "SampleXamlApp\SampleXamlApp.iOS\SampleXamlApp.iOS.csproj", "{3F2FF47A-079E-4C25-AD67-18DF1A73504A}"
EndProject
Project("{FAE04EC0-301F-11D3-BF4B-00C04F79EFBC}") = "SampleXamlApp.WinPhone", "SampleXamlApp\SampleXamlApp.WinPhone\SampleXamlApp.WinPhone.csproj", "{971B68CA-1EBA-433F-8743-57E6590D60E1}"
EndProject
Project("{FAE04EC0-301F-11D3-BF4B-00C04F79EFBC}") = "SampleXamlApp.UWP", "SampleXamlApp\SampleXamlApp.UWP\SampleXamlApp.UWP.csproj", "{9FFD8F33-9411-4888-A14A-21D469DFC626}"
EndProject
Project("{FAE04EC0-301F-11D3-BF4B-00C04F79EFBC}") = "SampleXamlApp.Windows", "SampleXamlApp\SampleXamlApp.Windows\SampleXamlApp.Windows.csproj", "{02B70D77-3207-4E58-9FF2-48F3E6586011}"
EndProject
Project("{FAE04EC0-301F-11D3-BF4B-00C04F79EFBC}") = "Interviews", "..\..\Interviews\Interviews\Interviews.csproj", "{D2B6F280-A632-45FD-9020-34A8863A37E1}"
EndProject
Global
	GlobalSection(SolutionConfigurationPlatforms) = preSolution
		Ad-Hoc|Any CPU = Ad-Hoc|Any CPU
		Ad-Hoc|ARM = Ad-Hoc|ARM
		Ad-Hoc|iPhone = Ad-Hoc|iPhone
		Ad-Hoc|iPhoneSimulator = Ad-Hoc|iPhoneSimulator
		Ad-Hoc|x64 = Ad-Hoc|x64
		Ad-Hoc|x86 = Ad-Hoc|x86
		AppStore|Any CPU = AppStore|Any CPU
		AppStore|ARM = AppStore|ARM
		AppStore|iPhone = AppStore|iPhone
		AppStore|iPhoneSimulator = AppStore|iPhoneSimulator
		AppStore|x64 = AppStore|x64
		AppStore|x86 = AppStore|x86
		Debug|Any CPU = Debug|Any CPU
		Debug|ARM = Debug|ARM
		Debug|iPhone = Debug|iPhone
		Debug|iPhoneSimulator = Debug|iPhoneSimulator
		Debug|x64 = Debug|x64
		Debug|x86 = Debug|x86
		Release|Any CPU = Release|Any CPU
		Release|ARM = Release|ARM
		Release|iPhone = Release|iPhone
		Release|iPhoneSimulator = Release|iPhoneSimulator
		Release|x64 = Release|x64
		Release|x86 = Release|x86
	EndGlobalSection
	GlobalSection(ProjectConfigurationPlatforms) = postSolution
		{0CCD3FA2-EAFF-425B-B596-FF01DEFAD445}.Ad-Hoc|Any CPU.ActiveCfg = Release|Any CPU
		{0CCD3FA2-EAFF-425B-B596-FF01DEFAD445}.Ad-Hoc|Any CPU.Build.0 = Release|Any CPU
		{0CCD3FA2-EAFF-425B-B596-FF01DEFAD445}.Ad-Hoc|ARM.ActiveCfg = Release|Any CPU
		{0CCD3FA2-EAFF-425B-B596-FF01DEFAD445}.Ad-Hoc|ARM.Build.0 = Release|Any CPU
		{0CCD3FA2-EAFF-425B-B596-FF01DEFAD445}.Ad-Hoc|iPhone.ActiveCfg = Release|Any CPU
		{0CCD3FA2-EAFF-425B-B596-FF01DEFAD445}.Ad-Hoc|iPhone.Build.0 = Release|Any CPU
		{0CCD3FA2-EAFF-425B-B596-FF01DEFAD445}.Ad-Hoc|iPhoneSimulator.ActiveCfg = Release|Any CPU
		{0CCD3FA2-EAFF-425B-B596-FF01DEFAD445}.Ad-Hoc|iPhoneSimulator.Build.0 = Release|Any CPU
		{0CCD3FA2-EAFF-425B-B596-FF01DEFAD445}.Ad-Hoc|x64.ActiveCfg = Release|Any CPU
		{0CCD3FA2-EAFF-425B-B596-FF01DEFAD445}.Ad-Hoc|x64.Build.0 = Release|Any CPU
		{0CCD3FA2-EAFF-425B-B596-FF01DEFAD445}.Ad-Hoc|x86.ActiveCfg = Release|Any CPU
		{0CCD3FA2-EAFF-425B-B596-FF01DEFAD445}.Ad-Hoc|x86.Build.0 = Release|Any CPU
		{0CCD3FA2-EAFF-425B-B596-FF01DEFAD445}.AppStore|Any CPU.ActiveCfg = Release|Any CPU
		{0CCD3FA2-EAFF-425B-B596-FF01DEFAD445}.AppStore|Any CPU.Build.0 = Release|Any CPU
		{0CCD3FA2-EAFF-425B-B596-FF01DEFAD445}.AppStore|ARM.ActiveCfg = Release|Any CPU
		{0CCD3FA2-EAFF-425B-B596-FF01DEFAD445}.AppStore|ARM.Build.0 = Release|Any CPU
		{0CCD3FA2-EAFF-425B-B596-FF01DEFAD445}.AppStore|iPhone.ActiveCfg = Release|Any CPU
		{0CCD3FA2-EAFF-425B-B596-FF01DEFAD445}.AppStore|iPhone.Build.0 = Release|Any CPU
		{0CCD3FA2-EAFF-425B-B596-FF01DEFAD445}.AppStore|iPhoneSimulator.ActiveCfg = Release|Any CPU
		{0CCD3FA2-EAFF-425B-B596-FF01DEFAD445}.AppStore|iPhoneSimulator.Build.0 = Release|Any CPU
		{0CCD3FA2-EAFF-425B-B596-FF01DEFAD445}.AppStore|x64.ActiveCfg = Release|Any CPU
		{0CCD3FA2-EAFF-425B-B596-FF01DEFAD445}.AppStore|x64.Build.0 = Release|Any CPU
		{0CCD3FA2-EAFF-425B-B596-FF01DEFAD445}.AppStore|x86.ActiveCfg = Release|Any CPU
		{0CCD3FA2-EAFF-425B-B596-FF01DEFAD445}.AppStore|x86.Build.0 = Release|Any CPU
		{0CCD3FA2-EAFF-425B-B596-FF01DEFAD445}.Debug|Any CPU.ActiveCfg = Debug|Any CPU
		{0CCD3FA2-EAFF-425B-B596-FF01DEFAD445}.Debug|Any CPU.Build.0 = Debug|Any CPU
		{0CCD3FA2-EAFF-425B-B596-FF01DEFAD445}.Debug|ARM.ActiveCfg = Debug|Any CPU
		{0CCD3FA2-EAFF-425B-B596-FF01DEFAD445}.Debug|ARM.Build.0 = Debug|Any CPU
		{0CCD3FA2-EAFF-425B-B596-FF01DEFAD445}.Debug|iPhone.ActiveCfg = Debug|Any CPU
		{0CCD3FA2-EAFF-425B-B596-FF01DEFAD445}.Debug|iPhone.Build.0 = Debug|Any CPU
		{0CCD3FA2-EAFF-425B-B596-FF01DEFAD445}.Debug|iPhoneSimulator.ActiveCfg = Debug|Any CPU
		{0CCD3FA2-EAFF-425B-B596-FF01DEFAD445}.Debug|iPhoneSimulator.Build.0 = Debug|Any CPU
		{0CCD3FA2-EAFF-425B-B596-FF01DEFAD445}.Debug|x64.ActiveCfg = Debug|Any CPU
		{0CCD3FA2-EAFF-425B-B596-FF01DEFAD445}.Debug|x64.Build.0 = Debug|Any CPU
		{0CCD3FA2-EAFF-425B-B596-FF01DEFAD445}.Debug|x86.ActiveCfg = Debug|Any CPU
		{0CCD3FA2-EAFF-425B-B596-FF01DEFAD445}.Debug|x86.Build.0 = Debug|Any CPU
		{0CCD3FA2-EAFF-425B-B596-FF01DEFAD445}.Release|Any CPU.ActiveCfg = Release|Any CPU
		{0CCD3FA2-EAFF-425B-B596-FF01DEFAD445}.Release|Any CPU.Build.0 = Release|Any CPU
		{0CCD3FA2-EAFF-425B-B596-FF01DEFAD445}.Release|ARM.ActiveCfg = Release|Any CPU
		{0CCD3FA2-EAFF-425B-B596-FF01DEFAD445}.Release|ARM.Build.0 = Release|Any CPU
		{0CCD3FA2-EAFF-425B-B596-FF01DEFAD445}.Release|iPhone.ActiveCfg = Release|Any CPU
		{0CCD3FA2-EAFF-425B-B596-FF01DEFAD445}.Release|iPhone.Build.0 = Release|Any CPU
		{0CCD3FA2-EAFF-425B-B596-FF01DEFAD445}.Release|iPhoneSimulator.ActiveCfg = Release|Any CPU
		{0CCD3FA2-EAFF-425B-B596-FF01DEFAD445}.Release|iPhoneSimulator.Build.0 = Release|Any CPU
		{0CCD3FA2-EAFF-425B-B596-FF01DEFAD445}.Release|x64.ActiveCfg = Release|Any CPU
		{0CCD3FA2-EAFF-425B-B596-FF01DEFAD445}.Release|x64.Build.0 = Release|Any CPU
		{0CCD3FA2-EAFF-425B-B596-FF01DEFAD445}.Release|x86.ActiveCfg = Release|Any CPU
		{0CCD3FA2-EAFF-425B-B596-FF01DEFAD445}.Release|x86.Build.0 = Release|Any CPU
		{394079B0-C85C-4ED4-B4D7-6310D1D6B059}.Ad-Hoc|Any CPU.ActiveCfg = Release|Any CPU
		{394079B0-C85C-4ED4-B4D7-6310D1D6B059}.Ad-Hoc|Any CPU.Build.0 = Release|Any CPU
		{394079B0-C85C-4ED4-B4D7-6310D1D6B059}.Ad-Hoc|ARM.ActiveCfg = Release|Any CPU
		{394079B0-C85C-4ED4-B4D7-6310D1D6B059}.Ad-Hoc|ARM.Build.0 = Release|Any CPU
		{394079B0-C85C-4ED4-B4D7-6310D1D6B059}.Ad-Hoc|iPhone.ActiveCfg = Release|Any CPU
		{394079B0-C85C-4ED4-B4D7-6310D1D6B059}.Ad-Hoc|iPhone.Build.0 = Release|Any CPU
		{394079B0-C85C-4ED4-B4D7-6310D1D6B059}.Ad-Hoc|iPhoneSimulator.ActiveCfg = Release|Any CPU
		{394079B0-C85C-4ED4-B4D7-6310D1D6B059}.Ad-Hoc|iPhoneSimulator.Build.0 = Release|Any CPU
		{394079B0-C85C-4ED4-B4D7-6310D1D6B059}.Ad-Hoc|x64.ActiveCfg = Release|Any CPU
		{394079B0-C85C-4ED4-B4D7-6310D1D6B059}.Ad-Hoc|x64.Build.0 = Release|Any CPU
		{394079B0-C85C-4ED4-B4D7-6310D1D6B059}.Ad-Hoc|x86.ActiveCfg = Release|Any CPU
		{394079B0-C85C-4ED4-B4D7-6310D1D6B059}.Ad-Hoc|x86.Build.0 = Release|Any CPU
		{394079B0-C85C-4ED4-B4D7-6310D1D6B059}.AppStore|Any CPU.ActiveCfg = Release|Any CPU
		{394079B0-C85C-4ED4-B4D7-6310D1D6B059}.AppStore|Any CPU.Build.0 = Release|Any CPU
		{394079B0-C85C-4ED4-B4D7-6310D1D6B059}.AppStore|ARM.ActiveCfg = Release|Any CPU
		{394079B0-C85C-4ED4-B4D7-6310D1D6B059}.AppStore|ARM.Build.0 = Release|Any CPU
		{394079B0-C85C-4ED4-B4D7-6310D1D6B059}.AppStore|iPhone.ActiveCfg = Release|Any CPU
		{394079B0-C85C-4ED4-B4D7-6310D1D6B059}.AppStore|iPhone.Build.0 = Release|Any CPU
		{394079B0-C85C-4ED4-B4D7-6310D1D6B059}.AppStore|iPhoneSimulator.ActiveCfg = Release|Any CPU
		{394079B0-C85C-4ED4-B4D7-6310D1D6B059}.AppStore|iPhoneSimulator.Build.0 = Release|Any CPU
		{394079B0-C85C-4ED4-B4D7-6310D1D6B059}.AppStore|x64.ActiveCfg = Release|Any CPU
		{394079B0-C85C-4ED4-B4D7-6310D1D6B059}.AppStore|x64.Build.0 = Release|Any CPU
		{394079B0-C85C-4ED4-B4D7-6310D1D6B059}.AppStore|x86.ActiveCfg = Release|Any CPU
		{394079B0-C85C-4ED4-B4D7-6310D1D6B059}.AppStore|x86.Build.0 = Release|Any CPU
		{394079B0-C85C-4ED4-B4D7-6310D1D6B059}.Debug|Any CPU.ActiveCfg = Debug|Any CPU
		{394079B0-C85C-4ED4-B4D7-6310D1D6B059}.Debug|Any CPU.Build.0 = Debug|Any CPU
		{394079B0-C85C-4ED4-B4D7-6310D1D6B059}.Debug|ARM.ActiveCfg = Debug|Any CPU
		{394079B0-C85C-4ED4-B4D7-6310D1D6B059}.Debug|ARM.Build.0 = Debug|Any CPU
		{394079B0-C85C-4ED4-B4D7-6310D1D6B059}.Debug|iPhone.ActiveCfg = Debug|Any CPU
		{394079B0-C85C-4ED4-B4D7-6310D1D6B059}.Debug|iPhone.Build.0 = Debug|Any CPU
		{394079B0-C85C-4ED4-B4D7-6310D1D6B059}.Debug|iPhoneSimulator.ActiveCfg = Debug|Any CPU
		{394079B0-C85C-4ED4-B4D7-6310D1D6B059}.Debug|iPhoneSimulator.Build.0 = Debug|Any CPU
		{394079B0-C85C-4ED4-B4D7-6310D1D6B059}.Debug|x64.ActiveCfg = Debug|Any CPU
		{394079B0-C85C-4ED4-B4D7-6310D1D6B059}.Debug|x64.Build.0 = Debug|Any CPU
		{394079B0-C85C-4ED4-B4D7-6310D1D6B059}.Debug|x86.ActiveCfg = Debug|Any CPU
		{394079B0-C85C-4ED4-B4D7-6310D1D6B059}.Debug|x86.Build.0 = Debug|Any CPU
		{394079B0-C85C-4ED4-B4D7-6310D1D6B059}.Release|Any CPU.ActiveCfg = Release|Any CPU
		{394079B0-C85C-4ED4-B4D7-6310D1D6B059}.Release|Any CPU.Build.0 = Release|Any CPU
		{394079B0-C85C-4ED4-B4D7-6310D1D6B059}.Release|ARM.ActiveCfg = Release|Any CPU
		{394079B0-C85C-4ED4-B4D7-6310D1D6B059}.Release|ARM.Build.0 = Release|Any CPU
		{394079B0-C85C-4ED4-B4D7-6310D1D6B059}.Release|iPhone.ActiveCfg = Release|Any CPU
		{394079B0-C85C-4ED4-B4D7-6310D1D6B059}.Release|iPhone.Build.0 = Release|Any CPU
		{394079B0-C85C-4ED4-B4D7-6310D1D6B059}.Release|iPhoneSimulator.ActiveCfg = Release|Any CPU
		{394079B0-C85C-4ED4-B4D7-6310D1D6B059}.Release|iPhoneSimulator.Build.0 = Release|Any CPU
		{394079B0-C85C-4ED4-B4D7-6310D1D6B059}.Release|x64.ActiveCfg = Release|Any CPU
		{394079B0-C85C-4ED4-B4D7-6310D1D6B059}.Release|x64.Build.0 = Release|Any CPU
		{394079B0-C85C-4ED4-B4D7-6310D1D6B059}.Release|x86.ActiveCfg = Release|Any CPU
		{394079B0-C85C-4ED4-B4D7-6310D1D6B059}.Release|x86.Build.0 = Release|Any CPU
		{069A437D-75EA-43CE-A0D2-E5FC73760FAF}.Ad-Hoc|Any CPU.ActiveCfg = Release|Any CPU
		{069A437D-75EA-43CE-A0D2-E5FC73760FAF}.Ad-Hoc|Any CPU.Build.0 = Release|Any CPU
		{069A437D-75EA-43CE-A0D2-E5FC73760FAF}.Ad-Hoc|Any CPU.Deploy.0 = Release|Any CPU
		{069A437D-75EA-43CE-A0D2-E5FC73760FAF}.Ad-Hoc|ARM.ActiveCfg = Release|Any CPU
		{069A437D-75EA-43CE-A0D2-E5FC73760FAF}.Ad-Hoc|ARM.Build.0 = Release|Any CPU
		{069A437D-75EA-43CE-A0D2-E5FC73760FAF}.Ad-Hoc|ARM.Deploy.0 = Release|Any CPU
		{069A437D-75EA-43CE-A0D2-E5FC73760FAF}.Ad-Hoc|iPhone.ActiveCfg = Release|Any CPU
		{069A437D-75EA-43CE-A0D2-E5FC73760FAF}.Ad-Hoc|iPhone.Build.0 = Release|Any CPU
		{069A437D-75EA-43CE-A0D2-E5FC73760FAF}.Ad-Hoc|iPhone.Deploy.0 = Release|Any CPU
		{069A437D-75EA-43CE-A0D2-E5FC73760FAF}.Ad-Hoc|iPhoneSimulator.ActiveCfg = Release|Any CPU
		{069A437D-75EA-43CE-A0D2-E5FC73760FAF}.Ad-Hoc|iPhoneSimulator.Build.0 = Release|Any CPU
		{069A437D-75EA-43CE-A0D2-E5FC73760FAF}.Ad-Hoc|iPhoneSimulator.Deploy.0 = Release|Any CPU
		{069A437D-75EA-43CE-A0D2-E5FC73760FAF}.Ad-Hoc|x64.ActiveCfg = Release|Any CPU
		{069A437D-75EA-43CE-A0D2-E5FC73760FAF}.Ad-Hoc|x64.Build.0 = Release|Any CPU
		{069A437D-75EA-43CE-A0D2-E5FC73760FAF}.Ad-Hoc|x64.Deploy.0 = Release|Any CPU
		{069A437D-75EA-43CE-A0D2-E5FC73760FAF}.Ad-Hoc|x86.ActiveCfg = Release|Any CPU
		{069A437D-75EA-43CE-A0D2-E5FC73760FAF}.Ad-Hoc|x86.Build.0 = Release|Any CPU
		{069A437D-75EA-43CE-A0D2-E5FC73760FAF}.Ad-Hoc|x86.Deploy.0 = Release|Any CPU
		{069A437D-75EA-43CE-A0D2-E5FC73760FAF}.AppStore|Any CPU.ActiveCfg = Release|Any CPU
		{069A437D-75EA-43CE-A0D2-E5FC73760FAF}.AppStore|Any CPU.Build.0 = Release|Any CPU
		{069A437D-75EA-43CE-A0D2-E5FC73760FAF}.AppStore|Any CPU.Deploy.0 = Release|Any CPU
		{069A437D-75EA-43CE-A0D2-E5FC73760FAF}.AppStore|ARM.ActiveCfg = Release|Any CPU
		{069A437D-75EA-43CE-A0D2-E5FC73760FAF}.AppStore|ARM.Build.0 = Release|Any CPU
		{069A437D-75EA-43CE-A0D2-E5FC73760FAF}.AppStore|ARM.Deploy.0 = Release|Any CPU
		{069A437D-75EA-43CE-A0D2-E5FC73760FAF}.AppStore|iPhone.ActiveCfg = Release|Any CPU
		{069A437D-75EA-43CE-A0D2-E5FC73760FAF}.AppStore|iPhone.Build.0 = Release|Any CPU
		{069A437D-75EA-43CE-A0D2-E5FC73760FAF}.AppStore|iPhone.Deploy.0 = Release|Any CPU
		{069A437D-75EA-43CE-A0D2-E5FC73760FAF}.AppStore|iPhoneSimulator.ActiveCfg = Release|Any CPU
		{069A437D-75EA-43CE-A0D2-E5FC73760FAF}.AppStore|iPhoneSimulator.Build.0 = Release|Any CPU
		{069A437D-75EA-43CE-A0D2-E5FC73760FAF}.AppStore|iPhoneSimulator.Deploy.0 = Release|Any CPU
		{069A437D-75EA-43CE-A0D2-E5FC73760FAF}.AppStore|x64.ActiveCfg = Release|Any CPU
		{069A437D-75EA-43CE-A0D2-E5FC73760FAF}.AppStore|x64.Build.0 = Release|Any CPU
		{069A437D-75EA-43CE-A0D2-E5FC73760FAF}.AppStore|x64.Deploy.0 = Release|Any CPU
		{069A437D-75EA-43CE-A0D2-E5FC73760FAF}.AppStore|x86.ActiveCfg = Release|Any CPU
		{069A437D-75EA-43CE-A0D2-E5FC73760FAF}.AppStore|x86.Build.0 = Release|Any CPU
		{069A437D-75EA-43CE-A0D2-E5FC73760FAF}.AppStore|x86.Deploy.0 = Release|Any CPU
		{069A437D-75EA-43CE-A0D2-E5FC73760FAF}.Debug|Any CPU.ActiveCfg = Debug|Any CPU
		{069A437D-75EA-43CE-A0D2-E5FC73760FAF}.Debug|Any CPU.Build.0 = Debug|Any CPU
		{069A437D-75EA-43CE-A0D2-E5FC73760FAF}.Debug|Any CPU.Deploy.0 = Debug|Any CPU
		{069A437D-75EA-43CE-A0D2-E5FC73760FAF}.Debug|ARM.ActiveCfg = Debug|Any CPU
		{069A437D-75EA-43CE-A0D2-E5FC73760FAF}.Debug|ARM.Build.0 = Debug|Any CPU
		{069A437D-75EA-43CE-A0D2-E5FC73760FAF}.Debug|ARM.Deploy.0 = Debug|Any CPU
		{069A437D-75EA-43CE-A0D2-E5FC73760FAF}.Debug|iPhone.ActiveCfg = Debug|Any CPU
		{069A437D-75EA-43CE-A0D2-E5FC73760FAF}.Debug|iPhone.Build.0 = Debug|Any CPU
		{069A437D-75EA-43CE-A0D2-E5FC73760FAF}.Debug|iPhone.Deploy.0 = Debug|Any CPU
		{069A437D-75EA-43CE-A0D2-E5FC73760FAF}.Debug|iPhoneSimulator.ActiveCfg = Debug|Any CPU
		{069A437D-75EA-43CE-A0D2-E5FC73760FAF}.Debug|iPhoneSimulator.Build.0 = Debug|Any CPU
		{069A437D-75EA-43CE-A0D2-E5FC73760FAF}.Debug|iPhoneSimulator.Deploy.0 = Debug|Any CPU
		{069A437D-75EA-43CE-A0D2-E5FC73760FAF}.Debug|x64.ActiveCfg = Debug|Any CPU
		{069A437D-75EA-43CE-A0D2-E5FC73760FAF}.Debug|x64.Build.0 = Debug|Any CPU
		{069A437D-75EA-43CE-A0D2-E5FC73760FAF}.Debug|x64.Deploy.0 = Debug|Any CPU
		{069A437D-75EA-43CE-A0D2-E5FC73760FAF}.Debug|x86.ActiveCfg = Debug|Any CPU
		{069A437D-75EA-43CE-A0D2-E5FC73760FAF}.Debug|x86.Build.0 = Debug|Any CPU
		{069A437D-75EA-43CE-A0D2-E5FC73760FAF}.Debug|x86.Deploy.0 = Debug|Any CPU
		{069A437D-75EA-43CE-A0D2-E5FC73760FAF}.Release|Any CPU.ActiveCfg = Release|Any CPU
		{069A437D-75EA-43CE-A0D2-E5FC73760FAF}.Release|Any CPU.Build.0 = Release|Any CPU
		{069A437D-75EA-43CE-A0D2-E5FC73760FAF}.Release|Any CPU.Deploy.0 = Release|Any CPU
		{069A437D-75EA-43CE-A0D2-E5FC73760FAF}.Release|ARM.ActiveCfg = Release|Any CPU
		{069A437D-75EA-43CE-A0D2-E5FC73760FAF}.Release|ARM.Build.0 = Release|Any CPU
		{069A437D-75EA-43CE-A0D2-E5FC73760FAF}.Release|ARM.Deploy.0 = Release|Any CPU
		{069A437D-75EA-43CE-A0D2-E5FC73760FAF}.Release|iPhone.ActiveCfg = Release|Any CPU
		{069A437D-75EA-43CE-A0D2-E5FC73760FAF}.Release|iPhone.Build.0 = Release|Any CPU
		{069A437D-75EA-43CE-A0D2-E5FC73760FAF}.Release|iPhone.Deploy.0 = Release|Any CPU
		{069A437D-75EA-43CE-A0D2-E5FC73760FAF}.Release|iPhoneSimulator.ActiveCfg = Release|Any CPU
		{069A437D-75EA-43CE-A0D2-E5FC73760FAF}.Release|iPhoneSimulator.Build.0 = Release|Any CPU
		{069A437D-75EA-43CE-A0D2-E5FC73760FAF}.Release|iPhoneSimulator.Deploy.0 = Release|Any CPU
		{069A437D-75EA-43CE-A0D2-E5FC73760FAF}.Release|x64.ActiveCfg = Release|Any CPU
		{069A437D-75EA-43CE-A0D2-E5FC73760FAF}.Release|x64.Build.0 = Release|Any CPU
		{069A437D-75EA-43CE-A0D2-E5FC73760FAF}.Release|x64.Deploy.0 = Release|Any CPU
		{069A437D-75EA-43CE-A0D2-E5FC73760FAF}.Release|x86.ActiveCfg = Release|Any CPU
		{069A437D-75EA-43CE-A0D2-E5FC73760FAF}.Release|x86.Build.0 = Release|Any CPU
		{069A437D-75EA-43CE-A0D2-E5FC73760FAF}.Release|x86.Deploy.0 = Release|Any CPU
		{3F2FF47A-079E-4C25-AD67-18DF1A73504A}.Ad-Hoc|Any CPU.ActiveCfg = Ad-Hoc|iPhone
		{3F2FF47A-079E-4C25-AD67-18DF1A73504A}.Ad-Hoc|ARM.ActiveCfg = Ad-Hoc|iPhone
		{3F2FF47A-079E-4C25-AD67-18DF1A73504A}.Ad-Hoc|iPhone.ActiveCfg = Ad-Hoc|iPhone
		{3F2FF47A-079E-4C25-AD67-18DF1A73504A}.Ad-Hoc|iPhone.Build.0 = Ad-Hoc|iPhone
		{3F2FF47A-079E-4C25-AD67-18DF1A73504A}.Ad-Hoc|iPhoneSimulator.ActiveCfg = Ad-Hoc|iPhoneSimulator
		{3F2FF47A-079E-4C25-AD67-18DF1A73504A}.Ad-Hoc|iPhoneSimulator.Build.0 = Ad-Hoc|iPhoneSimulator
		{3F2FF47A-079E-4C25-AD67-18DF1A73504A}.Ad-Hoc|x64.ActiveCfg = Ad-Hoc|iPhone
		{3F2FF47A-079E-4C25-AD67-18DF1A73504A}.Ad-Hoc|x86.ActiveCfg = Ad-Hoc|iPhone
		{3F2FF47A-079E-4C25-AD67-18DF1A73504A}.AppStore|Any CPU.ActiveCfg = AppStore|iPhone
		{3F2FF47A-079E-4C25-AD67-18DF1A73504A}.AppStore|ARM.ActiveCfg = AppStore|iPhone
		{3F2FF47A-079E-4C25-AD67-18DF1A73504A}.AppStore|iPhone.ActiveCfg = AppStore|iPhone
		{3F2FF47A-079E-4C25-AD67-18DF1A73504A}.AppStore|iPhone.Build.0 = AppStore|iPhone
		{3F2FF47A-079E-4C25-AD67-18DF1A73504A}.AppStore|iPhoneSimulator.ActiveCfg = AppStore|iPhoneSimulator
		{3F2FF47A-079E-4C25-AD67-18DF1A73504A}.AppStore|iPhoneSimulator.Build.0 = AppStore|iPhoneSimulator
		{3F2FF47A-079E-4C25-AD67-18DF1A73504A}.AppStore|x64.ActiveCfg = AppStore|iPhone
		{3F2FF47A-079E-4C25-AD67-18DF1A73504A}.AppStore|x86.ActiveCfg = AppStore|iPhone
		{3F2FF47A-079E-4C25-AD67-18DF1A73504A}.Debug|Any CPU.ActiveCfg = Debug|iPhone
		{3F2FF47A-079E-4C25-AD67-18DF1A73504A}.Debug|ARM.ActiveCfg = Debug|iPhone
		{3F2FF47A-079E-4C25-AD67-18DF1A73504A}.Debug|iPhone.ActiveCfg = Debug|iPhone
		{3F2FF47A-079E-4C25-AD67-18DF1A73504A}.Debug|iPhone.Build.0 = Debug|iPhone
		{3F2FF47A-079E-4C25-AD67-18DF1A73504A}.Debug|iPhoneSimulator.ActiveCfg = Debug|iPhoneSimulator
		{3F2FF47A-079E-4C25-AD67-18DF1A73504A}.Debug|iPhoneSimulator.Build.0 = Debug|iPhoneSimulator
		{3F2FF47A-079E-4C25-AD67-18DF1A73504A}.Debug|x64.ActiveCfg = Debug|iPhone
		{3F2FF47A-079E-4C25-AD67-18DF1A73504A}.Debug|x86.ActiveCfg = Debug|iPhone
		{3F2FF47A-079E-4C25-AD67-18DF1A73504A}.Release|Any CPU.ActiveCfg = Release|iPhone
		{3F2FF47A-079E-4C25-AD67-18DF1A73504A}.Release|ARM.ActiveCfg = Release|iPhone
		{3F2FF47A-079E-4C25-AD67-18DF1A73504A}.Release|iPhone.ActiveCfg = Release|iPhone
		{3F2FF47A-079E-4C25-AD67-18DF1A73504A}.Release|iPhone.Build.0 = Release|iPhone
		{3F2FF47A-079E-4C25-AD67-18DF1A73504A}.Release|iPhoneSimulator.ActiveCfg = Release|iPhoneSimulator
		{3F2FF47A-079E-4C25-AD67-18DF1A73504A}.Release|iPhoneSimulator.Build.0 = Release|iPhoneSimulator
		{3F2FF47A-079E-4C25-AD67-18DF1A73504A}.Release|x64.ActiveCfg = Release|iPhone
		{3F2FF47A-079E-4C25-AD67-18DF1A73504A}.Release|x86.ActiveCfg = Release|iPhone
		{971B68CA-1EBA-433F-8743-57E6590D60E1}.Ad-Hoc|Any CPU.ActiveCfg = Release|Any CPU
		{971B68CA-1EBA-433F-8743-57E6590D60E1}.Ad-Hoc|Any CPU.Build.0 = Release|Any CPU
		{971B68CA-1EBA-433F-8743-57E6590D60E1}.Ad-Hoc|Any CPU.Deploy.0 = Release|Any CPU
		{971B68CA-1EBA-433F-8743-57E6590D60E1}.Ad-Hoc|ARM.ActiveCfg = Release|ARM
		{971B68CA-1EBA-433F-8743-57E6590D60E1}.Ad-Hoc|ARM.Build.0 = Release|ARM
		{971B68CA-1EBA-433F-8743-57E6590D60E1}.Ad-Hoc|ARM.Deploy.0 = Release|ARM
		{971B68CA-1EBA-433F-8743-57E6590D60E1}.Ad-Hoc|iPhone.ActiveCfg = Release|Any CPU
		{971B68CA-1EBA-433F-8743-57E6590D60E1}.Ad-Hoc|iPhone.Build.0 = Release|Any CPU
		{971B68CA-1EBA-433F-8743-57E6590D60E1}.Ad-Hoc|iPhone.Deploy.0 = Release|Any CPU
		{971B68CA-1EBA-433F-8743-57E6590D60E1}.Ad-Hoc|iPhoneSimulator.ActiveCfg = Release|Any CPU
		{971B68CA-1EBA-433F-8743-57E6590D60E1}.Ad-Hoc|iPhoneSimulator.Build.0 = Release|Any CPU
		{971B68CA-1EBA-433F-8743-57E6590D60E1}.Ad-Hoc|iPhoneSimulator.Deploy.0 = Release|Any CPU
		{971B68CA-1EBA-433F-8743-57E6590D60E1}.Ad-Hoc|x64.ActiveCfg = Release|Any CPU
		{971B68CA-1EBA-433F-8743-57E6590D60E1}.Ad-Hoc|x64.Build.0 = Release|Any CPU
		{971B68CA-1EBA-433F-8743-57E6590D60E1}.Ad-Hoc|x64.Deploy.0 = Release|Any CPU
		{971B68CA-1EBA-433F-8743-57E6590D60E1}.Ad-Hoc|x86.ActiveCfg = Release|x86
		{971B68CA-1EBA-433F-8743-57E6590D60E1}.Ad-Hoc|x86.Build.0 = Release|x86
		{971B68CA-1EBA-433F-8743-57E6590D60E1}.Ad-Hoc|x86.Deploy.0 = Release|x86
		{971B68CA-1EBA-433F-8743-57E6590D60E1}.AppStore|Any CPU.ActiveCfg = Release|Any CPU
		{971B68CA-1EBA-433F-8743-57E6590D60E1}.AppStore|Any CPU.Build.0 = Release|Any CPU
		{971B68CA-1EBA-433F-8743-57E6590D60E1}.AppStore|Any CPU.Deploy.0 = Release|Any CPU
		{971B68CA-1EBA-433F-8743-57E6590D60E1}.AppStore|ARM.ActiveCfg = Release|ARM
		{971B68CA-1EBA-433F-8743-57E6590D60E1}.AppStore|ARM.Build.0 = Release|ARM
		{971B68CA-1EBA-433F-8743-57E6590D60E1}.AppStore|ARM.Deploy.0 = Release|ARM
		{971B68CA-1EBA-433F-8743-57E6590D60E1}.AppStore|iPhone.ActiveCfg = Release|Any CPU
		{971B68CA-1EBA-433F-8743-57E6590D60E1}.AppStore|iPhone.Build.0 = Release|Any CPU
		{971B68CA-1EBA-433F-8743-57E6590D60E1}.AppStore|iPhone.Deploy.0 = Release|Any CPU
		{971B68CA-1EBA-433F-8743-57E6590D60E1}.AppStore|iPhoneSimulator.ActiveCfg = Release|Any CPU
		{971B68CA-1EBA-433F-8743-57E6590D60E1}.AppStore|iPhoneSimulator.Build.0 = Release|Any CPU
		{971B68CA-1EBA-433F-8743-57E6590D60E1}.AppStore|iPhoneSimulator.Deploy.0 = Release|Any CPU
		{971B68CA-1EBA-433F-8743-57E6590D60E1}.AppStore|x64.ActiveCfg = Release|Any CPU
		{971B68CA-1EBA-433F-8743-57E6590D60E1}.AppStore|x64.Build.0 = Release|Any CPU
		{971B68CA-1EBA-433F-8743-57E6590D60E1}.AppStore|x64.Deploy.0 = Release|Any CPU
		{971B68CA-1EBA-433F-8743-57E6590D60E1}.AppStore|x86.ActiveCfg = Release|x86
		{971B68CA-1EBA-433F-8743-57E6590D60E1}.AppStore|x86.Build.0 = Release|x86
		{971B68CA-1EBA-433F-8743-57E6590D60E1}.AppStore|x86.Deploy.0 = Release|x86
		{971B68CA-1EBA-433F-8743-57E6590D60E1}.Debug|Any CPU.ActiveCfg = Debug|Any CPU
		{971B68CA-1EBA-433F-8743-57E6590D60E1}.Debug|Any CPU.Build.0 = Debug|Any CPU
		{971B68CA-1EBA-433F-8743-57E6590D60E1}.Debug|Any CPU.Deploy.0 = Debug|Any CPU
		{971B68CA-1EBA-433F-8743-57E6590D60E1}.Debug|ARM.ActiveCfg = Debug|ARM
		{971B68CA-1EBA-433F-8743-57E6590D60E1}.Debug|ARM.Build.0 = Debug|ARM
		{971B68CA-1EBA-433F-8743-57E6590D60E1}.Debug|ARM.Deploy.0 = Debug|ARM
		{971B68CA-1EBA-433F-8743-57E6590D60E1}.Debug|iPhone.ActiveCfg = Debug|Any CPU
		{971B68CA-1EBA-433F-8743-57E6590D60E1}.Debug|iPhone.Build.0 = Debug|Any CPU
		{971B68CA-1EBA-433F-8743-57E6590D60E1}.Debug|iPhone.Deploy.0 = Debug|Any CPU
		{971B68CA-1EBA-433F-8743-57E6590D60E1}.Debug|iPhoneSimulator.ActiveCfg = Debug|Any CPU
		{971B68CA-1EBA-433F-8743-57E6590D60E1}.Debug|iPhoneSimulator.Build.0 = Debug|Any CPU
		{971B68CA-1EBA-433F-8743-57E6590D60E1}.Debug|iPhoneSimulator.Deploy.0 = Debug|Any CPU
		{971B68CA-1EBA-433F-8743-57E6590D60E1}.Debug|x64.ActiveCfg = Debug|Any CPU
		{971B68CA-1EBA-433F-8743-57E6590D60E1}.Debug|x64.Build.0 = Debug|Any CPU
		{971B68CA-1EBA-433F-8743-57E6590D60E1}.Debug|x64.Deploy.0 = Debug|Any CPU
		{971B68CA-1EBA-433F-8743-57E6590D60E1}.Debug|x86.ActiveCfg = Debug|x86
		{971B68CA-1EBA-433F-8743-57E6590D60E1}.Debug|x86.Build.0 = Debug|x86
		{971B68CA-1EBA-433F-8743-57E6590D60E1}.Debug|x86.Deploy.0 = Debug|x86
		{971B68CA-1EBA-433F-8743-57E6590D60E1}.Release|Any CPU.ActiveCfg = Release|Any CPU
		{971B68CA-1EBA-433F-8743-57E6590D60E1}.Release|Any CPU.Build.0 = Release|Any CPU
		{971B68CA-1EBA-433F-8743-57E6590D60E1}.Release|Any CPU.Deploy.0 = Release|Any CPU
		{971B68CA-1EBA-433F-8743-57E6590D60E1}.Release|ARM.ActiveCfg = Release|ARM
		{971B68CA-1EBA-433F-8743-57E6590D60E1}.Release|ARM.Build.0 = Release|ARM
		{971B68CA-1EBA-433F-8743-57E6590D60E1}.Release|ARM.Deploy.0 = Release|ARM
		{971B68CA-1EBA-433F-8743-57E6590D60E1}.Release|iPhone.ActiveCfg = Release|Any CPU
		{971B68CA-1EBA-433F-8743-57E6590D60E1}.Release|iPhone.Build.0 = Release|Any CPU
		{971B68CA-1EBA-433F-8743-57E6590D60E1}.Release|iPhone.Deploy.0 = Release|Any CPU
		{971B68CA-1EBA-433F-8743-57E6590D60E1}.Release|iPhoneSimulator.ActiveCfg = Release|Any CPU
		{971B68CA-1EBA-433F-8743-57E6590D60E1}.Release|iPhoneSimulator.Build.0 = Release|Any CPU
		{971B68CA-1EBA-433F-8743-57E6590D60E1}.Release|iPhoneSimulator.Deploy.0 = Release|Any CPU
		{971B68CA-1EBA-433F-8743-57E6590D60E1}.Release|x64.ActiveCfg = Release|Any CPU
		{971B68CA-1EBA-433F-8743-57E6590D60E1}.Release|x64.Build.0 = Release|Any CPU
		{971B68CA-1EBA-433F-8743-57E6590D60E1}.Release|x64.Deploy.0 = Release|Any CPU
		{971B68CA-1EBA-433F-8743-57E6590D60E1}.Release|x86.ActiveCfg = Release|x86
		{971B68CA-1EBA-433F-8743-57E6590D60E1}.Release|x86.Build.0 = Release|x86
		{971B68CA-1EBA-433F-8743-57E6590D60E1}.Release|x86.Deploy.0 = Release|x86
		{9FFD8F33-9411-4888-A14A-21D469DFC626}.Ad-Hoc|Any CPU.ActiveCfg = Release|x86
		{9FFD8F33-9411-4888-A14A-21D469DFC626}.Ad-Hoc|Any CPU.Build.0 = Release|x86
		{9FFD8F33-9411-4888-A14A-21D469DFC626}.Ad-Hoc|Any CPU.Deploy.0 = Release|x86
		{9FFD8F33-9411-4888-A14A-21D469DFC626}.Ad-Hoc|ARM.ActiveCfg = Release|ARM
		{9FFD8F33-9411-4888-A14A-21D469DFC626}.Ad-Hoc|ARM.Build.0 = Release|ARM
		{9FFD8F33-9411-4888-A14A-21D469DFC626}.Ad-Hoc|ARM.Deploy.0 = Release|ARM
		{9FFD8F33-9411-4888-A14A-21D469DFC626}.Ad-Hoc|iPhone.ActiveCfg = Release|x86
		{9FFD8F33-9411-4888-A14A-21D469DFC626}.Ad-Hoc|iPhone.Build.0 = Release|x86
		{9FFD8F33-9411-4888-A14A-21D469DFC626}.Ad-Hoc|iPhone.Deploy.0 = Release|x86
		{9FFD8F33-9411-4888-A14A-21D469DFC626}.Ad-Hoc|iPhoneSimulator.ActiveCfg = Release|x86
		{9FFD8F33-9411-4888-A14A-21D469DFC626}.Ad-Hoc|iPhoneSimulator.Build.0 = Release|x86
		{9FFD8F33-9411-4888-A14A-21D469DFC626}.Ad-Hoc|iPhoneSimulator.Deploy.0 = Release|x86
		{9FFD8F33-9411-4888-A14A-21D469DFC626}.Ad-Hoc|x64.ActiveCfg = Release|x64
		{9FFD8F33-9411-4888-A14A-21D469DFC626}.Ad-Hoc|x64.Build.0 = Release|x64
		{9FFD8F33-9411-4888-A14A-21D469DFC626}.Ad-Hoc|x64.Deploy.0 = Release|x64
		{9FFD8F33-9411-4888-A14A-21D469DFC626}.Ad-Hoc|x86.ActiveCfg = Release|x86
		{9FFD8F33-9411-4888-A14A-21D469DFC626}.Ad-Hoc|x86.Build.0 = Release|x86
		{9FFD8F33-9411-4888-A14A-21D469DFC626}.Ad-Hoc|x86.Deploy.0 = Release|x86
		{9FFD8F33-9411-4888-A14A-21D469DFC626}.AppStore|Any CPU.ActiveCfg = Release|x86
		{9FFD8F33-9411-4888-A14A-21D469DFC626}.AppStore|Any CPU.Build.0 = Release|x86
		{9FFD8F33-9411-4888-A14A-21D469DFC626}.AppStore|Any CPU.Deploy.0 = Release|x86
		{9FFD8F33-9411-4888-A14A-21D469DFC626}.AppStore|ARM.ActiveCfg = Release|ARM
		{9FFD8F33-9411-4888-A14A-21D469DFC626}.AppStore|ARM.Build.0 = Release|ARM
		{9FFD8F33-9411-4888-A14A-21D469DFC626}.AppStore|ARM.Deploy.0 = Release|ARM
		{9FFD8F33-9411-4888-A14A-21D469DFC626}.AppStore|iPhone.ActiveCfg = Release|x86
		{9FFD8F33-9411-4888-A14A-21D469DFC626}.AppStore|iPhone.Build.0 = Release|x86
		{9FFD8F33-9411-4888-A14A-21D469DFC626}.AppStore|iPhone.Deploy.0 = Release|x86
		{9FFD8F33-9411-4888-A14A-21D469DFC626}.AppStore|iPhoneSimulator.ActiveCfg = Release|x86
		{9FFD8F33-9411-4888-A14A-21D469DFC626}.AppStore|iPhoneSimulator.Build.0 = Release|x86
		{9FFD8F33-9411-4888-A14A-21D469DFC626}.AppStore|iPhoneSimulator.Deploy.0 = Release|x86
		{9FFD8F33-9411-4888-A14A-21D469DFC626}.AppStore|x64.ActiveCfg = Release|x64
		{9FFD8F33-9411-4888-A14A-21D469DFC626}.AppStore|x64.Build.0 = Release|x64
		{9FFD8F33-9411-4888-A14A-21D469DFC626}.AppStore|x64.Deploy.0 = Release|x64
		{9FFD8F33-9411-4888-A14A-21D469DFC626}.AppStore|x86.ActiveCfg = Release|x86
		{9FFD8F33-9411-4888-A14A-21D469DFC626}.AppStore|x86.Build.0 = Release|x86
		{9FFD8F33-9411-4888-A14A-21D469DFC626}.AppStore|x86.Deploy.0 = Release|x86
		{9FFD8F33-9411-4888-A14A-21D469DFC626}.Debug|Any CPU.ActiveCfg = Debug|x86
		{9FFD8F33-9411-4888-A14A-21D469DFC626}.Debug|ARM.ActiveCfg = Debug|ARM
		{9FFD8F33-9411-4888-A14A-21D469DFC626}.Debug|ARM.Build.0 = Debug|ARM
		{9FFD8F33-9411-4888-A14A-21D469DFC626}.Debug|ARM.Deploy.0 = Debug|ARM
		{9FFD8F33-9411-4888-A14A-21D469DFC626}.Debug|iPhone.ActiveCfg = Debug|x86
		{9FFD8F33-9411-4888-A14A-21D469DFC626}.Debug|iPhoneSimulator.ActiveCfg = Debug|x86
		{9FFD8F33-9411-4888-A14A-21D469DFC626}.Debug|x64.ActiveCfg = Debug|x64
		{9FFD8F33-9411-4888-A14A-21D469DFC626}.Debug|x64.Build.0 = Debug|x64
		{9FFD8F33-9411-4888-A14A-21D469DFC626}.Debug|x64.Deploy.0 = Debug|x64
		{9FFD8F33-9411-4888-A14A-21D469DFC626}.Debug|x86.ActiveCfg = Debug|x86
		{9FFD8F33-9411-4888-A14A-21D469DFC626}.Debug|x86.Build.0 = Debug|x86
		{9FFD8F33-9411-4888-A14A-21D469DFC626}.Debug|x86.Deploy.0 = Debug|x86
		{9FFD8F33-9411-4888-A14A-21D469DFC626}.Release|Any CPU.ActiveCfg = Release|x86
		{9FFD8F33-9411-4888-A14A-21D469DFC626}.Release|ARM.ActiveCfg = Release|ARM
		{9FFD8F33-9411-4888-A14A-21D469DFC626}.Release|ARM.Build.0 = Release|ARM
		{9FFD8F33-9411-4888-A14A-21D469DFC626}.Release|ARM.Deploy.0 = Release|ARM
		{9FFD8F33-9411-4888-A14A-21D469DFC626}.Release|iPhone.ActiveCfg = Release|x86
		{9FFD8F33-9411-4888-A14A-21D469DFC626}.Release|iPhoneSimulator.ActiveCfg = Release|x86
		{9FFD8F33-9411-4888-A14A-21D469DFC626}.Release|x64.ActiveCfg = Release|x64
		{9FFD8F33-9411-4888-A14A-21D469DFC626}.Release|x64.Build.0 = Release|x64
		{9FFD8F33-9411-4888-A14A-21D469DFC626}.Release|x64.Deploy.0 = Release|x64
		{9FFD8F33-9411-4888-A14A-21D469DFC626}.Release|x86.ActiveCfg = Release|x86
		{9FFD8F33-9411-4888-A14A-21D469DFC626}.Release|x86.Build.0 = Release|x86
		{9FFD8F33-9411-4888-A14A-21D469DFC626}.Release|x86.Deploy.0 = Release|x86
		{02B70D77-3207-4E58-9FF2-48F3E6586011}.Ad-Hoc|Any CPU.ActiveCfg = Release|Any CPU
		{02B70D77-3207-4E58-9FF2-48F3E6586011}.Ad-Hoc|Any CPU.Build.0 = Release|Any CPU
		{02B70D77-3207-4E58-9FF2-48F3E6586011}.Ad-Hoc|Any CPU.Deploy.0 = Release|Any CPU
		{02B70D77-3207-4E58-9FF2-48F3E6586011}.Ad-Hoc|ARM.ActiveCfg = Release|ARM
		{02B70D77-3207-4E58-9FF2-48F3E6586011}.Ad-Hoc|ARM.Build.0 = Release|ARM
		{02B70D77-3207-4E58-9FF2-48F3E6586011}.Ad-Hoc|ARM.Deploy.0 = Release|ARM
		{02B70D77-3207-4E58-9FF2-48F3E6586011}.Ad-Hoc|iPhone.ActiveCfg = Release|Any CPU
		{02B70D77-3207-4E58-9FF2-48F3E6586011}.Ad-Hoc|iPhone.Build.0 = Release|Any CPU
		{02B70D77-3207-4E58-9FF2-48F3E6586011}.Ad-Hoc|iPhone.Deploy.0 = Release|Any CPU
		{02B70D77-3207-4E58-9FF2-48F3E6586011}.Ad-Hoc|iPhoneSimulator.ActiveCfg = Release|Any CPU
		{02B70D77-3207-4E58-9FF2-48F3E6586011}.Ad-Hoc|iPhoneSimulator.Build.0 = Release|Any CPU
		{02B70D77-3207-4E58-9FF2-48F3E6586011}.Ad-Hoc|iPhoneSimulator.Deploy.0 = Release|Any CPU
		{02B70D77-3207-4E58-9FF2-48F3E6586011}.Ad-Hoc|x64.ActiveCfg = Release|x64
		{02B70D77-3207-4E58-9FF2-48F3E6586011}.Ad-Hoc|x64.Build.0 = Release|x64
		{02B70D77-3207-4E58-9FF2-48F3E6586011}.Ad-Hoc|x64.Deploy.0 = Release|x64
		{02B70D77-3207-4E58-9FF2-48F3E6586011}.Ad-Hoc|x86.ActiveCfg = Release|x86
		{02B70D77-3207-4E58-9FF2-48F3E6586011}.Ad-Hoc|x86.Build.0 = Release|x86
		{02B70D77-3207-4E58-9FF2-48F3E6586011}.Ad-Hoc|x86.Deploy.0 = Release|x86
		{02B70D77-3207-4E58-9FF2-48F3E6586011}.AppStore|Any CPU.ActiveCfg = Release|Any CPU
		{02B70D77-3207-4E58-9FF2-48F3E6586011}.AppStore|Any CPU.Build.0 = Release|Any CPU
		{02B70D77-3207-4E58-9FF2-48F3E6586011}.AppStore|Any CPU.Deploy.0 = Release|Any CPU
		{02B70D77-3207-4E58-9FF2-48F3E6586011}.AppStore|ARM.ActiveCfg = Release|ARM
		{02B70D77-3207-4E58-9FF2-48F3E6586011}.AppStore|ARM.Build.0 = Release|ARM
		{02B70D77-3207-4E58-9FF2-48F3E6586011}.AppStore|ARM.Deploy.0 = Release|ARM
		{02B70D77-3207-4E58-9FF2-48F3E6586011}.AppStore|iPhone.ActiveCfg = Release|Any CPU
		{02B70D77-3207-4E58-9FF2-48F3E6586011}.AppStore|iPhone.Build.0 = Release|Any CPU
		{02B70D77-3207-4E58-9FF2-48F3E6586011}.AppStore|iPhone.Deploy.0 = Release|Any CPU
		{02B70D77-3207-4E58-9FF2-48F3E6586011}.AppStore|iPhoneSimulator.ActiveCfg = Release|Any CPU
		{02B70D77-3207-4E58-9FF2-48F3E6586011}.AppStore|iPhoneSimulator.Build.0 = Release|Any CPU
		{02B70D77-3207-4E58-9FF2-48F3E6586011}.AppStore|iPhoneSimulator.Deploy.0 = Release|Any CPU
		{02B70D77-3207-4E58-9FF2-48F3E6586011}.AppStore|x64.ActiveCfg = Release|x64
		{02B70D77-3207-4E58-9FF2-48F3E6586011}.AppStore|x64.Build.0 = Release|x64
		{02B70D77-3207-4E58-9FF2-48F3E6586011}.AppStore|x64.Deploy.0 = Release|x64
		{02B70D77-3207-4E58-9FF2-48F3E6586011}.AppStore|x86.ActiveCfg = Release|x86
		{02B70D77-3207-4E58-9FF2-48F3E6586011}.AppStore|x86.Build.0 = Release|x86
		{02B70D77-3207-4E58-9FF2-48F3E6586011}.AppStore|x86.Deploy.0 = Release|x86
		{02B70D77-3207-4E58-9FF2-48F3E6586011}.Debug|Any CPU.ActiveCfg = Debug|Any CPU
		{02B70D77-3207-4E58-9FF2-48F3E6586011}.Debug|Any CPU.Build.0 = Debug|Any CPU
		{02B70D77-3207-4E58-9FF2-48F3E6586011}.Debug|Any CPU.Deploy.0 = Debug|Any CPU
		{02B70D77-3207-4E58-9FF2-48F3E6586011}.Debug|ARM.ActiveCfg = Debug|ARM
		{02B70D77-3207-4E58-9FF2-48F3E6586011}.Debug|ARM.Build.0 = Debug|ARM
		{02B70D77-3207-4E58-9FF2-48F3E6586011}.Debug|ARM.Deploy.0 = Debug|ARM
		{02B70D77-3207-4E58-9FF2-48F3E6586011}.Debug|iPhone.ActiveCfg = Debug|Any CPU
		{02B70D77-3207-4E58-9FF2-48F3E6586011}.Debug|iPhone.Build.0 = Debug|Any CPU
		{02B70D77-3207-4E58-9FF2-48F3E6586011}.Debug|iPhone.Deploy.0 = Debug|Any CPU
		{02B70D77-3207-4E58-9FF2-48F3E6586011}.Debug|iPhoneSimulator.ActiveCfg = Debug|Any CPU
		{02B70D77-3207-4E58-9FF2-48F3E6586011}.Debug|iPhoneSimulator.Build.0 = Debug|Any CPU
		{02B70D77-3207-4E58-9FF2-48F3E6586011}.Debug|iPhoneSimulator.Deploy.0 = Debug|Any CPU
		{02B70D77-3207-4E58-9FF2-48F3E6586011}.Debug|x64.ActiveCfg = Debug|x64
		{02B70D77-3207-4E58-9FF2-48F3E6586011}.Debug|x64.Build.0 = Debug|x64
		{02B70D77-3207-4E58-9FF2-48F3E6586011}.Debug|x64.Deploy.0 = Debug|x64
		{02B70D77-3207-4E58-9FF2-48F3E6586011}.Debug|x86.ActiveCfg = Debug|x86
		{02B70D77-3207-4E58-9FF2-48F3E6586011}.Debug|x86.Build.0 = Debug|x86
		{02B70D77-3207-4E58-9FF2-48F3E6586011}.Debug|x86.Deploy.0 = Debug|x86
		{02B70D77-3207-4E58-9FF2-48F3E6586011}.Release|Any CPU.ActiveCfg = Release|Any CPU
		{02B70D77-3207-4E58-9FF2-48F3E6586011}.Release|Any CPU.Build.0 = Release|Any CPU
		{02B70D77-3207-4E58-9FF2-48F3E6586011}.Release|Any CPU.Deploy.0 = Release|Any CPU
		{02B70D77-3207-4E58-9FF2-48F3E6586011}.Release|ARM.ActiveCfg = Release|ARM
		{02B70D77-3207-4E58-9FF2-48F3E6586011}.Release|ARM.Build.0 = Release|ARM
		{02B70D77-3207-4E58-9FF2-48F3E6586011}.Release|ARM.Deploy.0 = Release|ARM
		{02B70D77-3207-4E58-9FF2-48F3E6586011}.Release|iPhone.ActiveCfg = Release|Any CPU
		{02B70D77-3207-4E58-9FF2-48F3E6586011}.Release|iPhone.Build.0 = Release|Any CPU
		{02B70D77-3207-4E58-9FF2-48F3E6586011}.Release|iPhone.Deploy.0 = Release|Any CPU
		{02B70D77-3207-4E58-9FF2-48F3E6586011}.Release|iPhoneSimulator.ActiveCfg = Release|Any CPU
		{02B70D77-3207-4E58-9FF2-48F3E6586011}.Release|iPhoneSimulator.Build.0 = Release|Any CPU
		{02B70D77-3207-4E58-9FF2-48F3E6586011}.Release|iPhoneSimulator.Deploy.0 = Release|Any CPU
		{02B70D77-3207-4E58-9FF2-48F3E6586011}.Release|x64.ActiveCfg = Release|x64
		{02B70D77-3207-4E58-9FF2-48F3E6586011}.Release|x64.Build.0 = Release|x64
		{02B70D77-3207-4E58-9FF2-48F3E6586011}.Release|x64.Deploy.0 = Release|x64
		{02B70D77-3207-4E58-9FF2-48F3E6586011}.Release|x86.ActiveCfg = Release|x86
		{02B70D77-3207-4E58-9FF2-48F3E6586011}.Release|x86.Build.0 = Release|x86
		{02B70D77-3207-4E58-9FF2-48F3E6586011}.Release|x86.Deploy.0 = Release|x86
		{D2B6F280-A632-45FD-9020-34A8863A37E1}.Ad-Hoc|Any CPU.ActiveCfg = Release|Any CPU
		{D2B6F280-A632-45FD-9020-34A8863A37E1}.Ad-Hoc|Any CPU.Build.0 = Release|Any CPU
		{D2B6F280-A632-45FD-9020-34A8863A37E1}.Ad-Hoc|ARM.ActiveCfg = Release|Any CPU
		{D2B6F280-A632-45FD-9020-34A8863A37E1}.Ad-Hoc|ARM.Build.0 = Release|Any CPU
		{D2B6F280-A632-45FD-9020-34A8863A37E1}.Ad-Hoc|iPhone.ActiveCfg = Release|Any CPU
		{D2B6F280-A632-45FD-9020-34A8863A37E1}.Ad-Hoc|iPhone.Build.0 = Release|Any CPU
		{D2B6F280-A632-45FD-9020-34A8863A37E1}.Ad-Hoc|iPhoneSimulator.ActiveCfg = Release|Any CPU
		{D2B6F280-A632-45FD-9020-34A8863A37E1}.Ad-Hoc|iPhoneSimulator.Build.0 = Release|Any CPU
		{D2B6F280-A632-45FD-9020-34A8863A37E1}.Ad-Hoc|x64.ActiveCfg = Release|Any CPU
		{D2B6F280-A632-45FD-9020-34A8863A37E1}.Ad-Hoc|x64.Build.0 = Release|Any CPU
		{D2B6F280-A632-45FD-9020-34A8863A37E1}.Ad-Hoc|x86.ActiveCfg = Release|Any CPU
		{D2B6F280-A632-45FD-9020-34A8863A37E1}.Ad-Hoc|x86.Build.0 = Release|Any CPU
		{D2B6F280-A632-45FD-9020-34A8863A37E1}.AppStore|Any CPU.ActiveCfg = Release|Any CPU
		{D2B6F280-A632-45FD-9020-34A8863A37E1}.AppStore|Any CPU.Build.0 = Release|Any CPU
		{D2B6F280-A632-45FD-9020-34A8863A37E1}.AppStore|ARM.ActiveCfg = Release|Any CPU
		{D2B6F280-A632-45FD-9020-34A8863A37E1}.AppStore|ARM.Build.0 = Release|Any CPU
		{D2B6F280-A632-45FD-9020-34A8863A37E1}.AppStore|iPhone.ActiveCfg = Release|Any CPU
		{D2B6F280-A632-45FD-9020-34A8863A37E1}.AppStore|iPhone.Build.0 = Release|Any CPU
		{D2B6F280-A632-45FD-9020-34A8863A37E1}.AppStore|iPhoneSimulator.ActiveCfg = Release|Any CPU
		{D2B6F280-A632-45FD-9020-34A8863A37E1}.AppStore|iPhoneSimulator.Build.0 = Release|Any CPU
		{D2B6F280-A632-45FD-9020-34A8863A37E1}.AppStore|x64.ActiveCfg = Release|Any CPU
		{D2B6F280-A632-45FD-9020-34A8863A37E1}.AppStore|x64.Build.0 = Release|Any CPU
		{D2B6F280-A632-45FD-9020-34A8863A37E1}.AppStore|x86.ActiveCfg = Release|Any CPU
		{D2B6F280-A632-45FD-9020-34A8863A37E1}.AppStore|x86.Build.0 = Release|Any CPU
		{D2B6F280-A632-45FD-9020-34A8863A37E1}.Debug|Any CPU.ActiveCfg = Debug|Any CPU
		{D2B6F280-A632-45FD-9020-34A8863A37E1}.Debug|Any CPU.Build.0 = Debug|Any CPU
		{D2B6F280-A632-45FD-9020-34A8863A37E1}.Debug|ARM.ActiveCfg = Debug|Any CPU
		{D2B6F280-A632-45FD-9020-34A8863A37E1}.Debug|ARM.Build.0 = Debug|Any CPU
		{D2B6F280-A632-45FD-9020-34A8863A37E1}.Debug|iPhone.ActiveCfg = Debug|Any CPU
		{D2B6F280-A632-45FD-9020-34A8863A37E1}.Debug|iPhone.Build.0 = Debug|Any CPU
		{D2B6F280-A632-45FD-9020-34A8863A37E1}.Debug|iPhoneSimulator.ActiveCfg = Debug|Any CPU
		{D2B6F280-A632-45FD-9020-34A8863A37E1}.Debug|iPhoneSimulator.Build.0 = Debug|Any CPU
		{D2B6F280-A632-45FD-9020-34A8863A37E1}.Debug|x64.ActiveCfg = Debug|Any CPU
		{D2B6F280-A632-45FD-9020-34A8863A37E1}.Debug|x64.Build.0 = Debug|Any CPU
		{D2B6F280-A632-45FD-9020-34A8863A37E1}.Debug|x86.ActiveCfg = Debug|Any CPU
		{D2B6F280-A632-45FD-9020-34A8863A37E1}.Debug|x86.Build.0 = Debug|Any CPU
		{D2B6F280-A632-45FD-9020-34A8863A37E1}.Release|Any CPU.ActiveCfg = Release|Any CPU
		{D2B6F280-A632-45FD-9020-34A8863A37E1}.Release|Any CPU.Build.0 = Release|Any CPU
		{D2B6F280-A632-45FD-9020-34A8863A37E1}.Release|ARM.ActiveCfg = Release|Any CPU
		{D2B6F280-A632-45FD-9020-34A8863A37E1}.Release|ARM.Build.0 = Release|Any CPU
		{D2B6F280-A632-45FD-9020-34A8863A37E1}.Release|iPhone.ActiveCfg = Release|Any CPU
		{D2B6F280-A632-45FD-9020-34A8863A37E1}.Release|iPhone.Build.0 = Release|Any CPU
		{D2B6F280-A632-45FD-9020-34A8863A37E1}.Release|iPhoneSimulator.ActiveCfg = Release|Any CPU
		{D2B6F280-A632-45FD-9020-34A8863A37E1}.Release|iPhoneSimulator.Build.0 = Release|Any CPU
		{D2B6F280-A632-45FD-9020-34A8863A37E1}.Release|x64.ActiveCfg = Release|Any CPU
		{D2B6F280-A632-45FD-9020-34A8863A37E1}.Release|x64.Build.0 = Release|Any CPU
		{D2B6F280-A632-45FD-9020-34A8863A37E1}.Release|x86.ActiveCfg = Release|Any CPU
		{D2B6F280-A632-45FD-9020-34A8863A37E1}.Release|x86.Build.0 = Release|Any CPU
	EndGlobalSection
	GlobalSection(SolutionProperties) = preSolution
		HideSolutionNode = FALSE
	EndGlobalSection
EndGlobal
