
Microsoft Visual Studio Solution File, Format Version 12.00
# Visual Studio 14
VisualStudioVersion = 14.0.23107.0
MinimumVisualStudioVersion = 10.0.40219.1
Project("{FAE04EC0-301F-11D3-BF4B-00C04F79EFBC}") = "Repositories.Interface", "Repositories\Repositories.Interface.csproj", "{AD4950F1-07AC-449B-A98D-0F840337D145}"
EndProject
Project("{FAE04EC0-301F-11D3-BF4B-00C04F79EFBC}") = "PersonService", "PersonService\PersonService.csproj", "{4A365EDE-35AE-4FE5-8838-362CB0DFC602}"
EndProject
Project("{FAE04EC0-301F-11D3-BF4B-00C04F79EFBC}") = "Repositories.Service", "Repositories.Service\Repositories.Service.csproj", "{CA8FD868-7C58-4F40-B1C5-3C2DAF86E38C}"
	ProjectSection(ProjectDependencies) = postProject
		{752CEFD1-3A57-4788-8E7E-55F1EC217CF2} = {752CEFD1-3A57-4788-8E7E-55F1EC217CF2}
		{4A365EDE-35AE-4FE5-8838-362CB0DFC602} = {4A365EDE-35AE-4FE5-8838-362CB0DFC602}
	EndProjectSection
EndProject
Project("{FAE04EC0-301F-11D3-BF4B-00C04F79EFBC}") = "PeopleConsoleViewer", "PeopleConsoleViewer\PeopleConsoleViewer.csproj", "{5E325ED1-0F52-4529-A949-6FA033CF5CBF}"
EndProject
Project("{FAE04EC0-301F-11D3-BF4B-00C04F79EFBC}") = "Repositories.CSV", "Repositories.CSV\Repositories.CSV.csproj", "{752CEFD1-3A57-4788-8E7E-55F1EC217CF2}"
EndProject
Project("{00D1A9C2-B5F0-4AF3-8072-F6C62B433612}") = "Repositories.SQL", "Database1\Repositories.SQL.sqlproj", "{70CF37B8-3B73-408F-A859-4CB82190765D}"
EndProject
Project("{FAE04EC0-301F-11D3-BF4B-00C04F79EFBC}") = "Repositories.EF", "Repositories.EF\Repositories.EF.csproj", "{22444717-7F13-435C-9A3B-93D5FF91D8BE}"
EndProject
Project("{FAE04EC0-301F-11D3-BF4B-00C04F79EFBC}") = "PeopleConsoleViewer.DI", "PeopleConsoleViewer.DI\PeopleConsoleViewer.DI.csproj", "{E14297FF-E6FD-4B4E-839A-335F05EEE08C}"
EndProject
Project("{FAE04EC0-301F-11D3-BF4B-00C04F79EFBC}") = "RepositoryTest", "RepositoryTest\RepositoryTest.csproj", "{8B4AE2CC-CE33-46C1-8903-04F92A18FDA9}"
EndProject
Project("{FAE04EC0-301F-11D3-BF4B-00C04F79EFBC}") = "Repositories.Injector", "Repositories.Injector\Repositories.Injector.csproj", "{6B088B42-F0A2-4E9B-B5B5-6AB64F65D0F9}"
EndProject
Project("{FAE04EC0-301F-11D3-BF4B-00C04F79EFBC}") = "PeopleUIViewer", "PeopleUIViewer\PeopleUIViewer.csproj", "{30E128D9-D8EF-41EB-B488-DADBD29F7536}"
EndProject
Global
	GlobalSection(SolutionConfigurationPlatforms) = preSolution
		Debug|Any CPU = Debug|Any CPU
		Release|Any CPU = Release|Any CPU
	EndGlobalSection
	GlobalSection(ProjectConfigurationPlatforms) = postSolution
		{AD4950F1-07AC-449B-A98D-0F840337D145}.Debug|Any CPU.ActiveCfg = Debug|Any CPU
		{AD4950F1-07AC-449B-A98D-0F840337D145}.Debug|Any CPU.Build.0 = Debug|Any CPU
		{AD4950F1-07AC-449B-A98D-0F840337D145}.Release|Any CPU.ActiveCfg = Release|Any CPU
		{AD4950F1-07AC-449B-A98D-0F840337D145}.Release|Any CPU.Build.0 = Release|Any CPU
		{4A365EDE-35AE-4FE5-8838-362CB0DFC602}.Debug|Any CPU.ActiveCfg = Debug|Any CPU
		{4A365EDE-35AE-4FE5-8838-362CB0DFC602}.Debug|Any CPU.Build.0 = Debug|Any CPU
		{4A365EDE-35AE-4FE5-8838-362CB0DFC602}.Release|Any CPU.ActiveCfg = Release|Any CPU
		{4A365EDE-35AE-4FE5-8838-362CB0DFC602}.Release|Any CPU.Build.0 = Release|Any CPU
		{CA8FD868-7C58-4F40-B1C5-3C2DAF86E38C}.Debug|Any CPU.ActiveCfg = Debug|Any CPU
		{CA8FD868-7C58-4F40-B1C5-3C2DAF86E38C}.Debug|Any CPU.Build.0 = Debug|Any CPU
		{CA8FD868-7C58-4F40-B1C5-3C2DAF86E38C}.Release|Any CPU.ActiveCfg = Release|Any CPU
		{CA8FD868-7C58-4F40-B1C5-3C2DAF86E38C}.Release|Any CPU.Build.0 = Release|Any CPU
		{5E325ED1-0F52-4529-A949-6FA033CF5CBF}.Debug|Any CPU.ActiveCfg = Debug|Any CPU
		{5E325ED1-0F52-4529-A949-6FA033CF5CBF}.Debug|Any CPU.Build.0 = Debug|Any CPU
		{5E325ED1-0F52-4529-A949-6FA033CF5CBF}.Release|Any CPU.ActiveCfg = Release|Any CPU
		{5E325ED1-0F52-4529-A949-6FA033CF5CBF}.Release|Any CPU.Build.0 = Release|Any CPU
		{752CEFD1-3A57-4788-8E7E-55F1EC217CF2}.Debug|Any CPU.ActiveCfg = Debug|Any CPU
		{752CEFD1-3A57-4788-8E7E-55F1EC217CF2}.Debug|Any CPU.Build.0 = Debug|Any CPU
		{752CEFD1-3A57-4788-8E7E-55F1EC217CF2}.Release|Any CPU.ActiveCfg = Release|Any CPU
		{752CEFD1-3A57-4788-8E7E-55F1EC217CF2}.Release|Any CPU.Build.0 = Release|Any CPU
		{70CF37B8-3B73-408F-A859-4CB82190765D}.Debug|Any CPU.ActiveCfg = Debug|Any CPU
		{70CF37B8-3B73-408F-A859-4CB82190765D}.Debug|Any CPU.Build.0 = Debug|Any CPU
		{70CF37B8-3B73-408F-A859-4CB82190765D}.Debug|Any CPU.Deploy.0 = Debug|Any CPU
		{70CF37B8-3B73-408F-A859-4CB82190765D}.Release|Any CPU.ActiveCfg = Release|Any CPU
		{70CF37B8-3B73-408F-A859-4CB82190765D}.Release|Any CPU.Build.0 = Release|Any CPU
		{70CF37B8-3B73-408F-A859-4CB82190765D}.Release|Any CPU.Deploy.0 = Release|Any CPU
		{22444717-7F13-435C-9A3B-93D5FF91D8BE}.Debug|Any CPU.ActiveCfg = Debug|Any CPU
		{22444717-7F13-435C-9A3B-93D5FF91D8BE}.Debug|Any CPU.Build.0 = Debug|Any CPU
		{22444717-7F13-435C-9A3B-93D5FF91D8BE}.Release|Any CPU.ActiveCfg = Release|Any CPU
		{22444717-7F13-435C-9A3B-93D5FF91D8BE}.Release|Any CPU.Build.0 = Release|Any CPU
		{E14297FF-E6FD-4B4E-839A-335F05EEE08C}.Debug|Any CPU.ActiveCfg = Debug|Any CPU
		{E14297FF-E6FD-4B4E-839A-335F05EEE08C}.Debug|Any CPU.Build.0 = Debug|Any CPU
		{E14297FF-E6FD-4B4E-839A-335F05EEE08C}.Release|Any CPU.ActiveCfg = Release|Any CPU
		{E14297FF-E6FD-4B4E-839A-335F05EEE08C}.Release|Any CPU.Build.0 = Release|Any CPU
		{8B4AE2CC-CE33-46C1-8903-04F92A18FDA9}.Debug|Any CPU.ActiveCfg = Debug|Any CPU
		{8B4AE2CC-CE33-46C1-8903-04F92A18FDA9}.Debug|Any CPU.Build.0 = Debug|Any CPU
		{8B4AE2CC-CE33-46C1-8903-04F92A18FDA9}.Release|Any CPU.ActiveCfg = Release|Any CPU
		{8B4AE2CC-CE33-46C1-8903-04F92A18FDA9}.Release|Any CPU.Build.0 = Release|Any CPU
		{6B088B42-F0A2-4E9B-B5B5-6AB64F65D0F9}.Debug|Any CPU.ActiveCfg = Debug|Any CPU
		{6B088B42-F0A2-4E9B-B5B5-6AB64F65D0F9}.Debug|Any CPU.Build.0 = Debug|Any CPU
		{6B088B42-F0A2-4E9B-B5B5-6AB64F65D0F9}.Release|Any CPU.ActiveCfg = Release|Any CPU
		{6B088B42-F0A2-4E9B-B5B5-6AB64F65D0F9}.Release|Any CPU.Build.0 = Release|Any CPU
		{30E128D9-D8EF-41EB-B488-DADBD29F7536}.Debug|Any CPU.ActiveCfg = Debug|Any CPU
		{30E128D9-D8EF-41EB-B488-DADBD29F7536}.Debug|Any CPU.Build.0 = Debug|Any CPU
		{30E128D9-D8EF-41EB-B488-DADBD29F7536}.Release|Any CPU.ActiveCfg = Release|Any CPU
		{30E128D9-D8EF-41EB-B488-DADBD29F7536}.Release|Any CPU.Build.0 = Release|Any CPU
	EndGlobalSection
	GlobalSection(SolutionProperties) = preSolution
		HideSolutionNode = FALSE
	EndGlobalSection
EndGlobal
